
Microsoft Visual Studio Solution File, Format Version 12.00
# Visual Studio Version 17
VisualStudioVersion = 17.12.35527.113 d17.12
MinimumVisualStudioVersion = 10.0.40219.1
Project("{8BC9CEB8-8B4A-11D0-8D11-00A0C91BC942}") = "AmperageCalculator", "AmperageCalculator\AmperageCalculator.vcxproj", "{52FBD511-33E2-4AF9-8F6A-2918F22ED098}"
EndProject
Project("{8BC9CEB8-8B4A-11D0-8D11-00A0C91BC942}") = "AmperageCalculatorTests", "AmperageCalculatorTests\AmperageCalculatorTests.vcxproj", "{228C929C-1396-432C-860A-FED3B38CE368}"
EndProject
Global
	GlobalSection(SolutionConfigurationPlatforms) = preSolution
		Debug|x64 = Debug|x64
		Debug|x86 = Debug|x86
		Release|x64 = Release|x64
		Release|x86 = Release|x86
	EndGlobalSection
	GlobalSection(ProjectConfigurationPlatforms) = postSolution
		{52FBD511-33E2-4AF9-8F6A-2918F22ED098}.Debug|x64.ActiveCfg = Debug|x64
		{52FBD511-33E2-4AF9-8F6A-2918F22ED098}.Debug|x64.Build.0 = Debug|x64
		{52FBD511-33E2-4AF9-8F6A-2918F22ED098}.Debug|x86.ActiveCfg = Debug|Win32
		{52FBD511-33E2-4AF9-8F6A-2918F22ED098}.Debug|x86.Build.0 = Debug|Win32
		{52FBD511-33E2-4AF9-8F6A-2918F22ED098}.Release|x64.ActiveCfg = Release|x64
		{52FBD511-33E2-4AF9-8F6A-2918F22ED098}.Release|x64.Build.0 = Release|x64
		{52FBD511-33E2-4AF9-8F6A-2918F22ED098}.Release|x86.ActiveCfg = Release|Win32
		{52FBD511-33E2-4AF9-8F6A-2918F22ED098}.Release|x86.Build.0 = Release|Win32
		{228C929C-1396-432C-860A-FED3B38CE368}.Debug|x64.ActiveCfg = Debug|x64
		{228C929C-1396-432C-860A-FED3B38CE368}.Debug|x64.Build.0 = Debug|x64
		{228C929C-1396-432C-860A-FED3B38CE368}.Debug|x86.ActiveCfg = Debug|Win32
		{228C929C-1396-432C-860A-FED3B38CE368}.Debug|x86.Build.0 = Debug|Win32
		{228C929C-1396-432C-860A-FED3B38CE368}.Release|x64.ActiveCfg = Release|x64
		{228C929C-1396-432C-860A-FED3B38CE368}.Release|x64.Build.0 = Release|x64
		{228C929C-1396-432C-860A-FED3B38CE368}.Release|x86.ActiveCfg = Release|Win32
		{228C929C-1396-432C-860A-FED3B38CE368}.Release|x86.Build.0 = Release|Win32
	EndGlobalSection
	GlobalSection(SolutionProperties) = preSolution
		HideSolutionNode = FALSE
	EndGlobalSection
EndGlobal
